
Microsoft Visual Studio Solution File, Format Version 12.00
# Visual Studio Version 17
VisualStudioVersion = 17.5.002.0
MinimumVisualStudioVersion = 10.0.40219.1
Project("{9A19103F-16F7-4668-BE54-9A1E7A4F7556}") = "ApiNUnit", "ApiNUnit.csproj", "{B2AB66D5-FB7F-4420-8BD5-37F6F5E332C0}"
EndProject
Global
	GlobalSection(SolutionConfigurationPlatforms) = preSolution
		Debug|Any CPU = Debug|Any CPU
		Release|Any CPU = Release|Any CPU
	EndGlobalSection
	GlobalSection(ProjectConfigurationPlatforms) = postSolution
		{B2AB66D5-FB7F-4420-8BD5-37F6F5E332C0}.Debug|Any CPU.ActiveCfg = Debug|Any CPU
		{B2AB66D5-FB7F-4420-8BD5-37F6F5E332C0}.Debug|Any CPU.Build.0 = Debug|Any CPU
		{B2AB66D5-FB7F-4420-8BD5-37F6F5E332C0}.Release|Any CPU.ActiveCfg = Release|Any CPU
		{B2AB66D5-FB7F-4420-8BD5-37F6F5E332C0}.Release|Any CPU.Build.0 = Release|Any CPU
	EndGlobalSection
	GlobalSection(SolutionProperties) = preSolution
		HideSolutionNode = FALSE
	EndGlobalSection
	GlobalSection(ExtensibilityGlobals) = postSolution
		SolutionGuid = {4C35D5A3-083E-4F03-9898-C6D6CCA9C892}
	EndGlobalSection
EndGlobal
